
Microsoft Visual Studio Solution File, Format Version 12.00
Project("{FAE04EC0-301F-11D3-BF4B-00C04F79EFBC}") = "CsharpActions", "CsharpActions\CsharpActions.csproj", "{69FA7450-780F-4520-A7F9-44111D179B86}"
EndProject
Project("{FAE04EC0-301F-11D3-BF4B-00C04F79EFBC}") = "CSharpActionsTest", "CSharpActionsTest\CSharpActionsTest.csproj", "{84A6D600-698A-4B79-8BA1-254753AE2DB2}"
EndProject
Global
	GlobalSection(SolutionConfigurationPlatforms) = preSolution
		Debug|Any CPU = Debug|Any CPU
		Release|Any CPU = Release|Any CPU
	EndGlobalSection
	GlobalSection(ProjectConfigurationPlatforms) = postSolution
		{69FA7450-780F-4520-A7F9-44111D179B86}.Debug|Any CPU.ActiveCfg = Debug|Any CPU
		{69FA7450-780F-4520-A7F9-44111D179B86}.Debug|Any CPU.Build.0 = Debug|Any CPU
		{69FA7450-780F-4520-A7F9-44111D179B86}.Release|Any CPU.ActiveCfg = Release|Any CPU
		{69FA7450-780F-4520-A7F9-44111D179B86}.Release|Any CPU.Build.0 = Release|Any CPU
		{84A6D600-698A-4B79-8BA1-254753AE2DB2}.Debug|Any CPU.ActiveCfg = Debug|Any CPU
		{84A6D600-698A-4B79-8BA1-254753AE2DB2}.Debug|Any CPU.Build.0 = Debug|Any CPU
		{84A6D600-698A-4B79-8BA1-254753AE2DB2}.Release|Any CPU.ActiveCfg = Release|Any CPU
		{84A6D600-698A-4B79-8BA1-254753AE2DB2}.Release|Any CPU.Build.0 = Release|Any CPU
	EndGlobalSection
EndGlobal
